PODS:
  - GPRPageViewController (0.1.0):
    - Masonry (~> 1.0.0)
  - Masonry (1.0.0)

DEPENDENCIES:
  - GPRPageViewController (from `../`)

EXTERNAL SOURCES:
  GPRPageViewController:
    :path: "../"

SPEC CHECKSUMS:
  GPRPageViewController: 794df67a432fe2066d0a5650dd91e7d8f4540c8d
  Masonry: b529bb169217897b6354d4b56b1fada6d475b13d

COCOAPODS: 0.39.0
