PODS:
  - GPRPageViewController (0.2.0):
    - Masonry (~> 1.0.0)
  - Masonry (1.0.0)

DEPENDENCIES:
  - GPRPageViewController (from `../`)

EXTERNAL SOURCES:
  GPRPageViewController:
    :path: "../"

SPEC CHECKSUMS:
  GPRPageViewController: 97822d53c8d3e4bef0cb6a96716ff33b9c181ed7
  Masonry: b529bb169217897b6354d4b56b1fada6d475b13d

COCOAPODS: 0.39.0
